// !$*UTF8*$!
{
	archiveVersion = 1;
	classes = {
	};
	objectVersion = 56;
	objects = {

/* Begin PBXBuildFile section */
		001 /* KrabApp.swift in Sources */ = {isa = PBXBuildFile; fileRef = 101; };
		002 /* AppState.swift in Sources */ = {isa = PBXBuildFile; fileRef = 102; };
		003 /* Models.swift in Sources */ = {isa = PBXBuildFile; fileRef = 103; };
		004 /* SettingsManager.swift in Sources */ = {isa = PBXBuildFile; fileRef = 104; };
		005 /* WeatherService.swift in Sources */ = {isa = PBXBuildFile; fileRef = 105; };
		006 /* CalendarService.swift in Sources */ = {isa = PBXBuildFile; fileRef = 106; };
		007 /* SystemStatsService.swift in Sources */ = {isa = PBXBuildFile; fileRef = 107; };
		008 /* AIService.swift in Sources */ = {isa = PBXBuildFile; fileRef = 108; };
		009 /* VoiceService.swift in Sources */ = {isa = PBXBuildFile; fileRef = 109; };
		010 /* TelegramService.swift in Sources */ = {isa = PBXBuildFile; fileRef = 110; };
		011 /* NowPlayingService.swift in Sources */ = {isa = PBXBuildFile; fileRef = 111; };
		012 /* PomodoroService.swift in Sources */ = {isa = PBXBuildFile; fileRef = 112; };
		013 /* Utilities.swift in Sources */ = {isa = PBXBuildFile; fileRef = 113; };
		014 /* ContentView.swift in Sources */ = {isa = PBXBuildFile; fileRef = 114; };
		015 /* DashboardView.swift in Sources */ = {isa = PBXBuildFile; fileRef = 115; };
		016 /* WeatherWidgetView.swift in Sources */ = {isa = PBXBuildFile; fileRef = 116; };
		017 /* CalendarWidgetView.swift in Sources */ = {isa = PBXBuildFile; fileRef = 117; };
		018 /* SystemStatsWidgetView.swift in Sources */ = {isa = PBXBuildFile; fileRef = 118; };
		019 /* PomodoroWidgetView.swift in Sources */ = {isa = PBXBuildFile; fileRef = 119; };
		020 /* MusicWidgetView.swift in Sources */ = {isa = PBXBuildFile; fileRef = 120; };
		021 /* NotesWidgetView.swift in Sources */ = {isa = PBXBuildFile; fileRef = 121; };
		022 /* QuickActionsWidgetView.swift in Sources */ = {isa = PBXBuildFile; fileRef = 122; };
		023 /* AIChatView.swift in Sources */ = {isa = PBXBuildFile; fileRef = 123; };
		024 /* TelegramView.swift in Sources */ = {isa = PBXBuildFile; fileRef = 124; };
		025 /* SettingsView.swift in Sources */ = {isa = PBXBuildFile; fileRef = 125; };
		026 /* MenuBarView.swift in Sources */ = {isa = PBXBuildFile; fileRef = 126; };
		027 /* Assets.xcassets in Resources */ = {isa = PBXBuildFile; fileRef = 127; };
/* End PBXBuildFile section */

/* Begin PBXFileReference section */
		100 /* Krab.app */ = {isa = PBXFileReference; explicitFileType = wrapper.application; includeInIndex = 0; path = Krab.app; sourceTree = BUILT_PRODUCTS_DIR; };
		101 /* KrabApp.swift */ = {isa = PBXFileReference; lastKnownFileType = sourcecode.swift; path = KrabApp.swift; sourceTree = "<group>"; };
		102 /* AppState.swift */ = {isa = PBXFileReference; lastKnownFileType = sourcecode.swift; path = AppState.swift; sourceTree = "<group>"; };
		103 /* Models.swift */ = {isa = PBXFileReference; lastKnownFileType = sourcecode.swift; path = Models.swift; sourceTree = "<group>"; };
		104 /* SettingsManager.swift */ = {isa = PBXFileReference; lastKnownFileType = sourcecode.swift; path = SettingsManager.swift; sourceTree = "<group>"; };
		105 /* WeatherService.swift */ = {isa = PBXFileReference; lastKnownFileType = sourcecode.swift; path = WeatherService.swift; sourceTree = "<group>"; };
		106 /* CalendarService.swift */ = {isa = PBXFileReference; lastKnownFileType = sourcecode.swift; path = CalendarService.swift; sourceTree = "<group>"; };
		107 /* SystemStatsService.swift */ = {isa = PBXFileReference; lastKnownFileType = sourcecode.swift; path = SystemStatsService.swift; sourceTree = "<group>"; };
		108 /* AIService.swift */ = {isa = PBXFileReference; lastKnownFileType = sourcecode.swift; path = AIService.swift; sourceTree = "<group>"; };
		109 /* VoiceService.swift */ = {isa = PBXFileReference; lastKnownFileType = sourcecode.swift; path = VoiceService.swift; sourceTree = "<group>"; };
		110 /* TelegramService.swift */ = {isa = PBXFileReference; lastKnownFileType = sourcecode.swift; path = TelegramService.swift; sourceTree = "<group>"; };
		111 /* NowPlayingService.swift */ = {isa = PBXFileReference; lastKnownFileType = sourcecode.swift; path = NowPlayingService.swift; sourceTree = "<group>"; };
		112 /* PomodoroService.swift */ = {isa = PBXFileReference; lastKnownFileType = sourcecode.swift; path = PomodoroService.swift; sourceTree = "<group>"; };
		113 /* Utilities.swift */ = {isa = PBXFileReference; lastKnownFileType = sourcecode.swift; path = Utilities.swift; sourceTree = "<group>"; };
		114 /* ContentView.swift */ = {isa = PBXFileReference; lastKnownFileType = sourcecode.swift; path = ContentView.swift; sourceTree = "<group>"; };
		115 /* DashboardView.swift */ = {isa = PBXFileReference; lastKnownFileType = sourcecode.swift; path = DashboardView.swift; sourceTree = "<group>"; };
		116 /* WeatherWidgetView.swift */ = {isa = PBXFileReference; lastKnownFileType = sourcecode.swift; path = WeatherWidgetView.swift; sourceTree = "<group>"; };
		117 /* CalendarWidgetView.swift */ = {isa = PBXFileReference; lastKnownFileType = sourcecode.swift; path = CalendarWidgetView.swift; sourceTree = "<group>"; };
		118 /* SystemStatsWidgetView.swift */ = {isa = PBXFileReference; lastKnownFileType = sourcecode.swift; path = SystemStatsWidgetView.swift; sourceTree = "<group>"; };
		119 /* PomodoroWidgetView.swift */ = {isa = PBXFileReference; lastKnownFileType = sourcecode.swift; path = PomodoroWidgetView.swift; sourceTree = "<group>"; };
		120 /* MusicWidgetView.swift */ = {isa = PBXFileReference; lastKnownFileType = sourcecode.swift; path = MusicWidgetView.swift; sourceTree = "<group>"; };
		121 /* NotesWidgetView.swift */ = {isa = PBXFileReference; lastKnownFileType = sourcecode.swift; path = NotesWidgetView.swift; sourceTree = "<group>"; };
		122 /* QuickActionsWidgetView.swift */ = {isa = PBXFileReference; lastKnownFileType = sourcecode.swift; path = QuickActionsWidgetView.swift; sourceTree = "<group>"; };
		123 /* AIChatView.swift */ = {isa = PBXFileReference; lastKnownFileType = sourcecode.swift; path = AIChatView.swift; sourceTree = "<group>"; };
		124 /* TelegramView.swift */ = {isa = PBXFileReference; lastKnownFileType = sourcecode.swift; path = TelegramView.swift; sourceTree = "<group>"; };
		125 /* SettingsView.swift */ = {isa = PBXFileReference; lastKnownFileType = sourcecode.swift; path = SettingsView.swift; sourceTree = "<group>"; };
		126 /* MenuBarView.swift */ = {isa = PBXFileReference; lastKnownFileType = sourcecode.swift; path = MenuBarView.swift; sourceTree = "<group>"; };
		127 /* Assets.xcassets */ = {isa = PBXFileReference; lastKnownFileType = folder.assetcatalog; path = Assets.xcassets; sourceTree = "<group>"; };
		128 /* Info.plist */ = {isa = PBXFileReference; lastKnownFileType = text.plist.xml; path = Info.plist; sourceTree = "<group>"; };
		129 /* Krab.entitlements */ = {isa = PBXFileReference; lastKnownFileType = text.plist.entitlements; path = Krab.entitlements; sourceTree = "<group>"; };
/* End PBXFileReference section */

/* Begin PBXFrameworksBuildPhase section */
		200 /* Frameworks */ = {
			isa = PBXFrameworksBuildPhase;
			buildActionMask = 2147483647;
			files = (
			);
			runOnlyForDeploymentPostprocessing = 0;
		};
/* End PBXFrameworksBuildPhase section */

/* Begin PBXGroup section */
		300 = {
			isa = PBXGroup;
			children = (
				301 /* Krab */,
				302 /* Products */,
			);
			sourceTree = "<group>";
		};
		301 /* Krab */ = {
			isa = PBXGroup;
			children = (
				303 /* Sources */,
				127 /* Assets.xcassets */,
				128 /* Info.plist */,
				129 /* Krab.entitlements */,
			);
			path = Krab;
			sourceTree = "<group>";
		};
		302 /* Products */ = {
			isa = PBXGroup;
			children = (
				100 /* Krab.app */,
			);
			name = Products;
			sourceTree = "<group>";
		};
		303 /* Sources */ = {
			isa = PBXGroup;
			children = (
				304 /* App */,
				305 /* Models */,
				306 /* Services */,
				307 /* Views */,
				308 /* Utilities */,
			);
			path = Sources;
			sourceTree = "<group>";
		};
		304 /* App */ = {
			isa = PBXGroup;
			children = (
				101 /* KrabApp.swift */,
				102 /* AppState.swift */,
			);
			path = App;
			sourceTree = "<group>";
		};
		305 /* Models */ = {
			isa = PBXGroup;
			children = (
				103 /* Models.swift */,
				104 /* SettingsManager.swift */,
			);
			path = Models;
			sourceTree = "<group>";
		};
		306 /* Services */ = {
			isa = PBXGroup;
			children = (
				105 /* WeatherService.swift */,
				106 /* CalendarService.swift */,
				107 /* SystemStatsService.swift */,
				108 /* AIService.swift */,
				109 /* VoiceService.swift */,
				110 /* TelegramService.swift */,
				111 /* NowPlayingService.swift */,
				112 /* PomodoroService.swift */,
			);
			path = Services;
			sourceTree = "<group>";
		};
		307 /* Views */ = {
			isa = PBXGroup;
			children = (
				309 /* Main */,
				310 /* Widgets */,
				311 /* Settings */,
			);
			path = Views;
			sourceTree = "<group>";
		};
		308 /* Utilities */ = {
			isa = PBXGroup;
			children = (
				113 /* Utilities.swift */,
			);
			path = Utilities;
			sourceTree = "<group>";
		};
		309 /* Main */ = {
			isa = PBXGroup;
			children = (
				114 /* ContentView.swift */,
				115 /* DashboardView.swift */,
				123 /* AIChatView.swift */,
				124 /* TelegramView.swift */,
				126 /* MenuBarView.swift */,
			);
			path = Main;
			sourceTree = "<group>";
		};
		310 /* Widgets */ = {
			isa = PBXGroup;
			children = (
				116 /* WeatherWidgetView.swift */,
				117 /* CalendarWidgetView.swift */,
				118 /* SystemStatsWidgetView.swift */,
				119 /* PomodoroWidgetView.swift */,
				120 /* MusicWidgetView.swift */,
				121 /* NotesWidgetView.swift */,
				122 /* QuickActionsWidgetView.swift */,
			);
			path = Widgets;
			sourceTree = "<group>";
		};
		311 /* Settings */ = {
			isa = PBXGroup;
			children = (
				125 /* SettingsView.swift */,
			);
			path = Settings;
			sourceTree = "<group>";
		};
/* End PBXGroup section */

/* Begin PBXNativeTarget section */
		400 /* Krab */ = {
			isa = PBXNativeTarget;
			buildConfigurationList = 500;
			buildPhases = (
				401 /* Sources */,
				200 /* Frameworks */,
				402 /* Resources */,
			);
			buildRules = (
			);
			dependencies = (
			);
			name = Krab;
			productName = Krab;
			productReference = 100 /* Krab.app */;
			productType = "com.apple.product-type.application";
		};
/* End PBXNativeTarget section */

/* Begin PBXProject section */
		600 /* Project object */ = {
			isa = PBXProject;
			attributes = {
				BuildIndependentTargetsInParallel = 1;
				LastSwiftUpdateCheck = 1500;
				LastUpgradeCheck = 1500;
				TargetAttributes = {
					400 = {
						CreatedOnToolsVersion = 15.0;
					};
				};
			};
			buildConfigurationList = 601;
			compatibilityVersion = "Xcode 14.0";
			developmentRegion = en;
			hasScannedForEncodings = 0;
			knownRegions = (
				en,
				Base,
			);
			mainGroup = 300;
			productRefGroup = 302 /* Products */;
			projectDirPath = "";
			projectRoot = "";
			targets = (
				400 /* Krab */,
			);
		};
/* End PBXProject section */

/* Begin PBXResourcesBuildPhase section */
		402 /* Resources */ = {
			isa = PBXResourcesBuildPhase;
			buildActionMask = 2147483647;
			files = (
				027 /* Assets.xcassets in Resources */,
			);
			runOnlyForDeploymentPostprocessing = 0;
		};
/* End PBXResourcesBuildPhase section */

/* Begin PBXSourcesBuildPhase section */
		401 /* Sources */ = {
			isa = PBXSourcesBuildPhase;
			buildActionMask = 2147483647;
			files = (
				001 /* KrabApp.swift in Sources */,
				002 /* AppState.swift in Sources */,
				003 /* Models.swift in Sources */,
				004 /* SettingsManager.swift in Sources */,
				005 /* WeatherService.swift in Sources */,
				006 /* CalendarService.swift in Sources */,
				007 /* SystemStatsService.swift in Sources */,
				008 /* AIService.swift in Sources */,
				009 /* VoiceService.swift in Sources */,
				010 /* TelegramService.swift in Sources */,
				011 /* NowPlayingService.swift in Sources */,
				012 /* PomodoroService.swift in Sources */,
				013 /* Utilities.swift in Sources */,
				014 /* ContentView.swift in Sources */,
				015 /* DashboardView.swift in Sources */,
				016 /* WeatherWidgetView.swift in Sources */,
				017 /* CalendarWidgetView.swift in Sources */,
				018 /* SystemStatsWidgetView.swift in Sources */,
				019 /* PomodoroWidgetView.swift in Sources */,
				020 /* MusicWidgetView.swift in Sources */,
				021 /* NotesWidgetView.swift in Sources */,
				022 /* QuickActionsWidgetView.swift in Sources */,
				023 /* AIChatView.swift in Sources */,
				024 /* TelegramView.swift in Sources */,
				025 /* SettingsView.swift in Sources */,
				026 /* MenuBarView.swift in Sources */,
			);
			runOnlyForDeploymentPostprocessing = 0;
		};
/* End PBXSourcesBuildPhase section */

/* Begin XCBuildConfiguration section */
		700 /* Debug */ = {
			isa = XCBuildConfiguration;
			buildSettings = {
				ALWAYS_SEARCH_USER_PATHS = NO;
				ASSETCATALOG_COMPILER_GENERATE_SWIFT_ASSET_SYMBOL_EXTENSIONS = YES;
				CLANG_ANALYZER_NONNULL = YES;
				CLANG_ANALYZER_NUMBER_OBJECT_CONVERSION = YES_AGGRESSIVE;
				CLANG_CXX_LANGUAGE_STANDARD = "gnu++20";
				CLANG_ENABLE_MODULES = YES;
				CLANG_ENABLE_OBJC_ARC = YES;
				CLANG_ENABLE_OBJC_WEAK = YES;
				CLANG_WARN_BLOCK_CAPTURE_AUTORELEASING = YES;
				CLANG_WARN_BOOL_CONVERSION = YES;
				CLANG_WARN_COMMA = YES;
				CLANG_WARN_CONSTANT_CONVERSION = YES;
				CLANG_WARN_DEPRECATED_OBJC_IMPLEMENTATIONS = YES;
				CLANG_WARN_DIRECT_OBJC_ISA_USAGE = YES_ERROR;
				CLANG_WARN_DOCUMENTATION_COMMENTS = YES;
				CLANG_WARN_EMPTY_BODY = YES;
				CLANG_WARN_ENUM_CONVERSION = YES;
				CLANG_WARN_INFINITE_RECURSION = YES;
				CLANG_WARN_INT_CONVERSION = YES;
				CLANG_WARN_NON_LITERAL_NULL_CONVERSION = YES;
				CLANG_WARN_OBJC_IMPLICIT_RETAIN_SELF = YES;
				CLANG_WARN_OBJC_LITERAL_CONVERSION = YES;
				CLANG_WARN_OBJC_ROOT_CLASS = YES_ERROR;
				CLANG_WARN_QUOTED_INCLUDE_IN_FRAMEWORK_HEADER = YES;
				CLANG_WARN_RANGE_LOOP_ANALYSIS = YES;
				CLANG_WARN_STRICT_PROTOTYPES = YES;
				CLANG_WARN_SUSPICIOUS_MOVE = YES;
				CLANG_WARN_UNGUARDED_AVAILABILITY = YES_AGGRESSIVE;
				CLANG_WARN_UNREACHABLE_CODE = YES;
				CLANG_WARN__DUPLICATE_METHOD_MATCH = YES;
				COPY_PHASE_STRIP = NO;
				DEBUG_INFORMATION_FORMAT = dwarf;
				ENABLE_STRICT_OBJC_MSGSEND = YES;
				ENABLE_TESTABILITY = YES;
				ENABLE_USER_SCRIPT_SANDBOXING = YES;
				GCC_C_LANGUAGE_STANDARD = gnu17;
				GCC_DYNAMIC_NO_PIC = NO;
				GCC_NO_COMMON_BLOCKS = YES;
				GCC_OPTIMIZATION_LEVEL = 0;
				GCC_PREPROCESSOR_DEFINITIONS = (
					"DEBUG=1",
					"$(inherited)",
				);
				GCC_WARN_64_TO_32_BIT_CONVERSION = YES;
				GCC_WARN_ABOUT_RETURN_TYPE = YES_ERROR;
				GCC_WARN_UNDECLARED_SELECTOR = YES;
				GCC_WARN_UNINITIALIZED_AUTOS = YES_AGGRESSIVE;
				GCC_WARN_UNUSED_FUNCTION = YES;
				GCC_WARN_UNUSED_VARIABLE = YES;
				LOCALIZATION_PREFERS_STRING_CATALOGS = YES;
				MACOSX_DEPLOYMENT_TARGET = 14.0;
				MTL_ENABLE_DEBUG_INFO = INCLUDE_SOURCE;
				MTL_FAST_MATH = YES;
				ONLY_ACTIVE_ARCH = YES;
				SDKROOT = macosx;
				SWIFT_ACTIVE_COMPILATION_CONDITIONS = "DEBUG $(inherited)";
				SWIFT_OPTIMIZATION_LEVEL = "-Onone";
			};
			name = Debug;
		};
		701 /* Release */ = {
			isa = XCBuildConfiguration;
			buildSettings = {
				ALWAYS_SEARCH_USER_PATHS = NO;
				ASSETCATALOG_COMPILER_GENERATE_SWIFT_ASSET_SYMBOL_EXTENSIONS = YES;
				CLANG_ANALYZER_NONNULL = YES;
				CLANG_ANALYZER_NUMBER_OBJECT_CONVERSION = YES_AGGRESSIVE;
				CLANG_CXX_LANGUAGE_STANDARD = "gnu++20";
				CLANG_ENABLE_MODULES = YES;
				CLANG_ENABLE_OBJC_ARC = YES;
				CLANG_ENABLE_OBJC_WEAK = YES;
				CLANG_WARN_BLOCK_CAPTURE_AUTORELEASING = YES;
				CLANG_WARN_BOOL_CONVERSION = YES;
				CLANG_WARN_COMMA = YES;
				CLANG_WARN_CONSTANT_CONVERSION = YES;
				CLANG_WARN_DEPRECATED_OBJC_IMPLEMENTATIONS = YES;
				CLANG_WARN_DIRECT_OBJC_ISA_USAGE = YES_ERROR;
				CLANG_WARN_DOCUMENTATION_COMMENTS = YES;
				CLANG_WARN_EMPTY_BODY = YES;
				CLANG_WARN_ENUM_CONVERSION = YES;
				CLANG_WARN_INFINITE_RECURSION = YES;
				CLANG_WARN_INT_CONVERSION = YES;
				CLANG_WARN_NON_LITERAL_NULL_CONVERSION = YES;
				CLANG_WARN_OBJC_IMPLICIT_RETAIN_SELF = YES;
				CLANG_WARN_OBJC_LITERAL_CONVERSION = YES;
				CLANG_WARN_OBJC_ROOT_CLASS = YES_ERROR;
				CLANG_WARN_QUOTED_INCLUDE_IN_FRAMEWORK_HEADER = YES;
				CLANG_WARN_RANGE_LOOP_ANALYSIS = YES;
				CLANG_WARN_STRICT_PROTOTYPES = YES;
				CLANG_WARN_SUSPICIOUS_MOVE = YES;
				CLANG_WARN_UNGUARDED_AVAILABILITY = YES_AGGRESSIVE;
				CLANG_WARN_UNREACHABLE_CODE = YES;
				CLANG_WARN__DUPLICATE_METHOD_MATCH = YES;
				COPY_PHASE_STRIP = NO;
				DEBUG_INFORMATION_FORMAT = "dwarf-with-dsym";
				ENABLE_NS_ASSERTIONS = NO;
				ENABLE_STRICT_OBJC_MSGSEND = YES;
				ENABLE_USER_SCRIPT_SANDBOXING = YES;
				GCC_C_LANGUAGE_STANDARD = gnu17;
				GCC_NO_COMMON_BLOCKS = YES;
				GCC_WARN_64_TO_32_BIT_CONVERSION = YES;
				GCC_WARN_ABOUT_RETURN_TYPE = YES_ERROR;
				GCC_WARN_UNDECLARED_SELECTOR = YES;
				GCC_WARN_UNINITIALIZED_AUTOS = YES_AGGRESSIVE;
				GCC_WARN_UNUSED_FUNCTION = YES;
				GCC_WARN_UNUSED_VARIABLE = YES;
				LOCALIZATION_PREFERS_STRING_CATALOGS = YES;
				MACOSX_DEPLOYMENT_TARGET = 14.0;
				MTL_ENABLE_DEBUG_INFO = NO;
				MTL_FAST_MATH = YES;
				SDKROOT = macosx;
				SWIFT_COMPILATION_MODE = wholemodule;
			};
			name = Release;
		};
		702 /* Debug */ = {
			isa = XCBuildConfiguration;
			buildSettings = {
				ASSETCATALOG_COMPILER_APPICON_NAME = AppIcon;
				ASSETCATALOG_COMPILER_GLOBAL_ACCENT_COLOR_NAME = AccentColor;
				CODE_SIGN_ENTITLEMENTS = Krab/Krab.entitlements;
				CODE_SIGN_STYLE = Automatic;
				COMBINE_HIDPI_IMAGES = YES;
				CURRENT_PROJECT_VERSION = 1;
				DEVELOPMENT_TEAM = "";
				ENABLE_HARDENED_RUNTIME = YES;
				GENERATE_INFOPLIST_FILE = YES;
				INFOPLIST_FILE = Krab/Info.plist;
				INFOPLIST_KEY_CFBundleDisplayName = Krab;
				INFOPLIST_KEY_LSApplicationCategoryType = "public.app-category.productivity";
				INFOPLIST_KEY_LSUIElement = YES;
				INFOPLIST_KEY_NSCalendarsUsageDescription = "Krab needs access to your calendar to display upcoming events.";
				INFOPLIST_KEY_NSContactsUsageDescription = "Krab may need access to contacts for Telegram integration.";
				INFOPLIST_KEY_NSLocationWhenInUseUsageDescription = "Krab uses your location to show local weather.";
				INFOPLIST_KEY_NSMicrophoneUsageDescription = "Krab needs microphone access for voice commands and voice notes.";
				INFOPLIST_KEY_NSRemindersUsageDescription = "Krab needs access to your reminders to display tasks.";
				INFOPLIST_KEY_NSSpeechRecognitionUsageDescription = "Krab uses speech recognition for voice commands.";
				LD_RUNPATH_SEARCH_PATHS = (
					"$(inherited)",
					"@executable_path/../Frameworks",
				);
				MARKETING_VERSION = 1.0.0;
				PRODUCT_BUNDLE_IDENTIFIER = com.krab.app;
				PRODUCT_NAME = "$(TARGET_NAME)";
				SWIFT_EMIT_LOC_STRINGS = YES;
				SWIFT_VERSION = 5.0;
			};
			name = Debug;
		};
		703 /* Release */ = {
			isa = XCBuildConfiguration;
			buildSettings = {
				ASSETCATALOG_COMPILER_APPICON_NAME = AppIcon;
				ASSETCATALOG_COMPILER_GLOBAL_ACCENT_COLOR_NAME = AccentColor;
				CODE_SIGN_ENTITLEMENTS = Krab/Krab.entitlements;
				CODE_SIGN_STYLE = Automatic;
				COMBINE_HIDPI_IMAGES = YES;
				CURRENT_PROJECT_VERSION = 1;
				DEVELOPMENT_TEAM = "";
				ENABLE_HARDENED_RUNTIME = YES;
				GENERATE_INFOPLIST_FILE = YES;
				INFOPLIST_FILE = Krab/Info.plist;
				INFOPLIST_KEY_CFBundleDisplayName = Krab;
				INFOPLIST_KEY_LSApplicationCategoryType = "public.app-category.productivity";
				INFOPLIST_KEY_LSUIElement = YES;
				INFOPLIST_KEY_NSCalendarsUsageDescription = "Krab needs access to your calendar to display upcoming events.";
				INFOPLIST_KEY_NSContactsUsageDescription = "Krab may need access to contacts for Telegram integration.";
				INFOPLIST_KEY_NSLocationWhenInUseUsageDescription = "Krab uses your location to show local weather.";
				INFOPLIST_KEY_NSMicrophoneUsageDescription = "Krab needs microphone access for voice commands and voice notes.";
				INFOPLIST_KEY_NSRemindersUsageDescription = "Krab needs access to your reminders to display tasks.";
				INFOPLIST_KEY_NSSpeechRecognitionUsageDescription = "Krab uses speech recognition for voice commands.";
				LD_RUNPATH_SEARCH_PATHS = (
					"$(inherited)",
					"@executable_path/../Frameworks",
				);
				MARKETING_VERSION = 1.0.0;
				PRODUCT_BUNDLE_IDENTIFIER = com.krab.app;
				PRODUCT_NAME = "$(TARGET_NAME)";
				SWIFT_EMIT_LOC_STRINGS = YES;
				SWIFT_VERSION = 5.0;
			};
			name = Release;
		};
/* End XCBuildConfiguration section */

/* Begin XCConfigurationList section */
		500 /* Build configuration list for PBXNativeTarget "Krab" */ = {
			isa = XCConfigurationList;
			buildConfigurations = (
				702 /* Debug */,
				703 /* Release */,
			);
			defaultConfigurationIsVisible = 0;
			defaultConfigurationName = Release;
		};
		601 /* Build configuration list for PBXProject "Krab" */ = {
			isa = XCConfigurationList;
			buildConfigurations = (
				700 /* Debug */,
				701 /* Release */,
			);
			defaultConfigurationIsVisible = 0;
			defaultConfigurationName = Release;
		};
/* End XCConfigurationList section */
	};
	rootObject = 600 /* Project object */;
}
